<?xml version="1.0" encoding="utf-8"?>
<Project ToolsVersion="4.0" xmlns="http://schemas.microsoft.com/developer/msbuild/2003">
  <ItemGroup>
    <Filter Include="Source Files">
      <UniqueIdentifier>{E9C7FDCE-D52A-8D73-7EB0-C5296AF258F6}</UniqueIdentifier>
    </Filter>
    <Filter Include="Header Files">
      <UniqueIdentifier>{21EB8090-0D4E-1035-B6D3-48EBA215DCB7}</UniqueIdentifier>
    </Filter>
    <Filter Include="Game Resource Files">
      <UniqueIdentifier>{BAF00917-2652-E724-AFBF-2DD71B201EE4}</UniqueIdentifier>
    </Filter>
    <Filter Include="Windows Resource Files">
      <UniqueIdentifier>{6B659E97-575F-C7E9-40CC-5DFA2C652D56}</UniqueIdentifier>
    </Filter>
    <Filter Include="Scenes">
      <UniqueIdentifier>{961c9990-8182-4f1c-a4b8-9f497800cacd}</UniqueIdentifier>
    </Filter>
    <Filter Include="Core">
      <UniqueIdentifier>{d0af0905-0a7a-4c4d-9bf0-63599301f493}</UniqueIdentifier>
    </Filter>
    <Filter Include="Scenes\Snake">
      <UniqueIdentifier>{2f8d4dfb-0234-4068-8363-e44da9ce808a}</UniqueIdentifier>
    </Filter>
    <Filter Include="Components">
      <UniqueIdentifier>{ada64aeb-f586-4c3d-93a7-3d7727db50d5}</UniqueIdentifier>
    </Filter>
    <Filter Include="Scenes\Pong">
      <UniqueIdentifier>{5af65e0f-d76f-4ece-b0e8-f547b0f0df72}</UniqueIdentifier>
    </Filter>
    <Filter Include="Scenes\Space Invaders">
      <UniqueIdentifier>{486f44dd-c6df-409d-9d7a-9efc23413159}</UniqueIdentifier>
    </Filter>
    <Filter Include="Game Resource Files\Space Invaders">
      <UniqueIdentifier>{8b77290b-2b78-4c14-a451-099bdd1b54a1}</UniqueIdentifier>
    </Filter>
  </ItemGroup>
  <ItemGroup>
    <ClInclude Include="include\resource_dir.h">
      <Filter>Header Files</Filter>
    </ClInclude>
    <ClInclude Include="src\scenes\menu.h">
      <Filter>Scenes</Filter>
    </ClInclude>
    <ClInclude Include="src\scenes\snake\snake.h">
      <Filter>Scenes\Snake</Filter>
    </ClInclude>
    <ClInclude Include="src\core\scene_factory.h">
      <Filter>Core</Filter>
    </ClInclude>
    <ClInclude Include="src\core\scene_manager.h">
      <Filter>Core</Filter>
    </ClInclude>
    <ClInclude Include="src\core\scene.h">
      <Filter>Core</Filter>
    </ClInclude>
    <ClInclude Include="src\scenes\snake\food.h">
      <Filter>Scenes\Snake</Filter>
    </ClInclude>
    <ClInclude Include="src\scenes\snake\snake_game.h">
      <Filter>Scenes\Snake</Filter>
    </ClInclude>
    <ClInclude Include="src\components\button.h">
      <Filter>Components</Filter>
    </ClInclude>
    <ClInclude Include="src\scenes\snake\snake_game_config.h">
      <Filter>Scenes\Snake</Filter>
    </ClInclude>
    <ClInclude Include="src\scenes\pong\ball.h">
      <Filter>Scenes\Pong</Filter>
    </ClInclude>
    <ClInclude Include="src\scenes\pong\paddle.h">
      <Filter>Scenes\Pong</Filter>
    </ClInclude>
    <ClInclude Include="src\scenes\pong\pong_game.h">
      <Filter>Scenes\Pong</Filter>
    </ClInclude>
    <ClInclude Include="src\scenes\pong\pong_game_config.h">
      <Filter>Scenes\Pong</Filter>
    </ClInclude>
    <ClInclude Include="src\components\text_button.h">
      <Filter>Components</Filter>
    </ClInclude>
    <ClInclude Include="src\scenes\menu_game_button.h">
      <Filter>Scenes</Filter>
    </ClInclude>
    <ClInclude Include="src\components\grid_layout.h">
      <Filter>Components</Filter>
    </ClInclude>
    <ClInclude Include="src\scenes\space_invaders\space_invaders.h">
      <Filter>Scenes\Space Invaders</Filter>
    </ClInclude>
    <ClInclude Include="src\scenes\space_invaders\space_invaders_config.h">
      <Filter>Scenes\Space Invaders</Filter>
    </ClInclude>
    <ClInclude Include="src\scenes\space_invaders\spaceship.h">
      <Filter>Scenes\Space Invaders</Filter>
    </ClInclude>
    <ClInclude Include="src\scenes\space_invaders\laser.h">
      <Filter>Scenes\Space Invaders</Filter>
    </ClInclude>
    <ClInclude Include="src\scenes\space_invaders\block.h">
      <Filter>Scenes\Space Invaders</Filter>
    </ClInclude>
    <ClInclude Include="src\scenes\space_invaders\obstacle.h">
      <Filter>Scenes\Space Invaders</Filter>
    </ClInclude>
    <ClInclude Include="src\scenes\space_invaders\alien.h">
      <Filter>Scenes\Space Invaders</Filter>
    </ClInclude>
    <ClInclude Include="src\scenes\space_invaders\ufo.h">
      <Filter>Scenes\Space Invaders</Filter>
    </ClInclude>
  </ItemGroup>
  <ItemGroup>
    <ClCompile Include="src\main.cpp">
      <Filter>Source Files</Filter>
    </ClCompile>
    <ClCompile Include="src\scenes\snake\snake.cpp">
      <Filter>Scenes\Snake</Filter>
    </ClCompile>
    <ClCompile Include="src\scenes\menu.cpp">
      <Filter>Scenes</Filter>
    </ClCompile>
    <ClCompile Include="src\core\scene_factory.cpp">
      <Filter>Core</Filter>
    </ClCompile>
    <ClCompile Include="src\core\scene_manager.cpp">
      <Filter>Core</Filter>
    </ClCompile>
    <ClCompile Include="src\scenes\snake\food.cpp">
      <Filter>Scenes\Snake</Filter>
    </ClCompile>
    <ClCompile Include="src\scenes\snake\snake_game.cpp">
      <Filter>Scenes\Snake</Filter>
    </ClCompile>
    <ClCompile Include="src\components\button.cpp">
      <Filter>Components</Filter>
    </ClCompile>
    <ClCompile Include="src\scenes\pong\ball.cpp">
      <Filter>Scenes\Pong</Filter>
    </ClCompile>
    <ClCompile Include="src\scenes\pong\paddle.cpp">
      <Filter>Scenes\Pong</Filter>
    </ClCompile>
    <ClCompile Include="src\scenes\pong\pong_game.cpp">
      <Filter>Scenes\Pong</Filter>
    </ClCompile>
    <ClCompile Include="src\components\text_button.cpp">
      <Filter>Components</Filter>
    </ClCompile>
    <ClCompile Include="src\scenes\menu_game_button.cpp">
      <Filter>Scenes</Filter>
    </ClCompile>
    <ClCompile Include="src\components\grid_layout.cpp">
      <Filter>Components</Filter>
    </ClCompile>
    <ClCompile Include="src\scenes\space_invaders\space_invaders.cpp">
      <Filter>Scenes\Space Invaders</Filter>
    </ClCompile>
    <ClCompile Include="src\scenes\space_invaders\spaceship.cpp">
      <Filter>Scenes\Space Invaders</Filter>
    </ClCompile>
    <ClCompile Include="src\scenes\space_invaders\laser.cpp">
      <Filter>Scenes\Space Invaders</Filter>
    </ClCompile>
    <ClCompile Include="src\scenes\space_invaders\block.cpp">
      <Filter>Scenes\Space Invaders</Filter>
    </ClCompile>
    <ClCompile Include="src\scenes\space_invaders\obstacle.cpp">
      <Filter>Scenes\Space Invaders</Filter>
    </ClCompile>
    <ClCompile Include="src\scenes\space_invaders\alien.cpp">
      <Filter>Scenes\Space Invaders</Filter>
    </ClCompile>
    <ClCompile Include="src\scenes\space_invaders\ufo.cpp">
      <Filter>Scenes\Space Invaders</Filter>
    </ClCompile>
  </ItemGroup>
  <ItemGroup>
    <None Include="src\icon.ico">
      <Filter>Windows Resource Files</Filter>
    </None>
    <None Include="resources\space_invaders\bgm.ogg">
      <Filter>Game Resource Files\Space Invaders</Filter>
    </None>
    <None Include="resources\space_invaders\bonus.ogg">
      <Filter>Game Resource Files\Space Invaders</Filter>
    </None>
    <None Include="resources\space_invaders\explosion.ogg">
      <Filter>Game Resource Files\Space Invaders</Filter>
    </None>
    <None Include="resources\space_invaders\laser.ogg">
      <Filter>Game Resource Files\Space Invaders</Filter>
    </None>
  </ItemGroup>
  <ItemGroup>
    <ResourceCompile Include="src\application.rc">
      <Filter>Windows Resource Files</Filter>
    </ResourceCompile>
  </ItemGroup>
  <ItemGroup>
    <Image Include="resources\pong.png">
      <Filter>Game Resource Files</Filter>
    </Image>
    <Image Include="resources\snake.png">
      <Filter>Game Resource Files</Filter>
    </Image>
    <Image Include="resources\space_invaders.png">
      <Filter>Game Resource Files</Filter>
    </Image>
    <Image Include="resources\space_invaders\alien_1.png">
      <Filter>Game Resource Files\Space Invaders</Filter>
    </Image>
    <Image Include="resources\space_invaders\alien_2.png">
      <Filter>Game Resource Files\Space Invaders</Filter>
    </Image>
    <Image Include="resources\space_invaders\spaceship.png">
      <Filter>Game Resource Files\Space Invaders</Filter>
    </Image>
    <Image Include="resources\space_invaders\ufo.png">
      <Filter>Game Resource Files\Space Invaders</Filter>
    </Image>
  </ItemGroup>
</Project>